
Microsoft Visual Studio Solution File, Format Version 12.00
# Visual Studio Version 17
VisualStudioVersion = 17.0.31903.59
MinimumVisualStudioVersion = 10.0.40219.1
Project("{2150E333-8FDC-42A3-9474-1A3956D46DE8}") = "Hosts", "Hosts", "{9D33EFEC-A82A-4C7B-A4BB-15F76E2A42A7}"
EndProject
Project("{9A19103F-16F7-4668-BE54-9A1E7A4F7556}") = "WorkerService", "Hosts\WorkerService\WorkerService.csproj", "{75DA1021-1643-4BB0-AEE8-ED628267DC39}"
EndProject
Project("{2150E333-8FDC-42A3-9474-1A3956D46DE8}") = "Core", "Core", "{44551875-5893-4FE3-B4B3-BD08DCB2E507}"
EndProject
Project("{9A19103F-16F7-4668-BE54-9A1E7A4F7556}") = "Domain", "Core\Domain\Domain.csproj", "{5B38213A-DC69-47C8-A417-A2E3D66E0A0A}"
EndProject
Project("{9A19103F-16F7-4668-BE54-9A1E7A4F7556}") = "Application", "Core\Application\Application.csproj", "{6A032A98-B5F2-4B20-8FC5-8631B6203180}"
EndProject
Project("{2150E333-8FDC-42A3-9474-1A3956D46DE8}") = "Infrastructure", "Infrastructure", "{F6795362-8A85-49DF-901E-B6AFE47105BE}"
EndProject
Project("{9A19103F-16F7-4668-BE54-9A1E7A4F7556}") = "WebAPI", "Hosts\WebAPI\WebAPI.csproj", "{625A6358-8C93-45A3-89E2-0B2DCECE37D7}"
EndProject
Project("{9A19103F-16F7-4668-BE54-9A1E7A4F7556}") = "Persistence", "Infrastructure\Persistence\Persistence.csproj", "{01DE3B4D-A503-4C5F-AC28-1E808D1ED5F3}"
EndProject
Project("{9A19103F-16F7-4668-BE54-9A1E7A4F7556}") = "HangfireJobs", "Infrastructure\HangfireJobs\HangfireJobs.csproj", "{CFA7E754-A464-4474-9F86-47A693F7E35D}"
EndProject
Project("{9A19103F-16F7-4668-BE54-9A1E7A4F7556}") = "Rest", "Infrastructure\Rest\Rest.csproj", "{9B3352BA-6EC4-4304-812D-DCC17DC14147}"
EndProject
Project("{9A19103F-16F7-4668-BE54-9A1E7A4F7556}") = "Shared", "Core\Shared\Shared.csproj", "{6AF558FB-6B31-4BEB-9EF3-EE2EBA391B15}"
EndProject
Global
	GlobalSection(SolutionConfigurationPlatforms) = preSolution
		Debug|Any CPU = Debug|Any CPU
		Release|Any CPU = Release|Any CPU
	EndGlobalSection
	GlobalSection(ProjectConfigurationPlatforms) = postSolution
		{75DA1021-1643-4BB0-AEE8-ED628267DC39}.Debug|Any CPU.ActiveCfg = Debug|Any CPU
		{75DA1021-1643-4BB0-AEE8-ED628267DC39}.Debug|Any CPU.Build.0 = Debug|Any CPU
		{75DA1021-1643-4BB0-AEE8-ED628267DC39}.Release|Any CPU.ActiveCfg = Release|Any CPU
		{75DA1021-1643-4BB0-AEE8-ED628267DC39}.Release|Any CPU.Build.0 = Release|Any CPU
		{5B38213A-DC69-47C8-A417-A2E3D66E0A0A}.Debug|Any CPU.ActiveCfg = Debug|Any CPU
		{5B38213A-DC69-47C8-A417-A2E3D66E0A0A}.Debug|Any CPU.Build.0 = Debug|Any CPU
		{5B38213A-DC69-47C8-A417-A2E3D66E0A0A}.Release|Any CPU.ActiveCfg = Release|Any CPU
		{5B38213A-DC69-47C8-A417-A2E3D66E0A0A}.Release|Any CPU.Build.0 = Release|Any CPU
		{6A032A98-B5F2-4B20-8FC5-8631B6203180}.Debug|Any CPU.ActiveCfg = Debug|Any CPU
		{6A032A98-B5F2-4B20-8FC5-8631B6203180}.Debug|Any CPU.Build.0 = Debug|Any CPU
		{6A032A98-B5F2-4B20-8FC5-8631B6203180}.Release|Any CPU.ActiveCfg = Release|Any CPU
		{6A032A98-B5F2-4B20-8FC5-8631B6203180}.Release|Any CPU.Build.0 = Release|Any CPU
		{625A6358-8C93-45A3-89E2-0B2DCECE37D7}.Debug|Any CPU.ActiveCfg = Debug|Any CPU
		{625A6358-8C93-45A3-89E2-0B2DCECE37D7}.Debug|Any CPU.Build.0 = Debug|Any CPU
		{625A6358-8C93-45A3-89E2-0B2DCECE37D7}.Release|Any CPU.ActiveCfg = Release|Any CPU
		{625A6358-8C93-45A3-89E2-0B2DCECE37D7}.Release|Any CPU.Build.0 = Release|Any CPU
		{01DE3B4D-A503-4C5F-AC28-1E808D1ED5F3}.Debug|Any CPU.ActiveCfg = Debug|Any CPU
		{01DE3B4D-A503-4C5F-AC28-1E808D1ED5F3}.Debug|Any CPU.Build.0 = Debug|Any CPU
		{01DE3B4D-A503-4C5F-AC28-1E808D1ED5F3}.Release|Any CPU.ActiveCfg = Release|Any CPU
		{01DE3B4D-A503-4C5F-AC28-1E808D1ED5F3}.Release|Any CPU.Build.0 = Release|Any CPU
		{CFA7E754-A464-4474-9F86-47A693F7E35D}.Debug|Any CPU.ActiveCfg = Debug|Any CPU
		{CFA7E754-A464-4474-9F86-47A693F7E35D}.Debug|Any CPU.Build.0 = Debug|Any CPU
		{CFA7E754-A464-4474-9F86-47A693F7E35D}.Release|Any CPU.ActiveCfg = Release|Any CPU
		{CFA7E754-A464-4474-9F86-47A693F7E35D}.Release|Any CPU.Build.0 = Release|Any CPU
		{9B3352BA-6EC4-4304-812D-DCC17DC14147}.Debug|Any CPU.ActiveCfg = Debug|Any CPU
		{9B3352BA-6EC4-4304-812D-DCC17DC14147}.Debug|Any CPU.Build.0 = Debug|Any CPU
		{9B3352BA-6EC4-4304-812D-DCC17DC14147}.Release|Any CPU.ActiveCfg = Release|Any CPU
		{9B3352BA-6EC4-4304-812D-DCC17DC14147}.Release|Any CPU.Build.0 = Release|Any CPU
		{6AF558FB-6B31-4BEB-9EF3-EE2EBA391B15}.Debug|Any CPU.ActiveCfg = Debug|Any CPU
		{6AF558FB-6B31-4BEB-9EF3-EE2EBA391B15}.Debug|Any CPU.Build.0 = Debug|Any CPU
		{6AF558FB-6B31-4BEB-9EF3-EE2EBA391B15}.Release|Any CPU.ActiveCfg = Release|Any CPU
		{6AF558FB-6B31-4BEB-9EF3-EE2EBA391B15}.Release|Any CPU.Build.0 = Release|Any CPU
	EndGlobalSection
	GlobalSection(SolutionProperties) = preSolution
		HideSolutionNode = FALSE
	EndGlobalSection
	GlobalSection(NestedProjects) = preSolution
		{75DA1021-1643-4BB0-AEE8-ED628267DC39} = {9D33EFEC-A82A-4C7B-A4BB-15F76E2A42A7}
		{5B38213A-DC69-47C8-A417-A2E3D66E0A0A} = {44551875-5893-4FE3-B4B3-BD08DCB2E507}
		{6A032A98-B5F2-4B20-8FC5-8631B6203180} = {44551875-5893-4FE3-B4B3-BD08DCB2E507}
		{625A6358-8C93-45A3-89E2-0B2DCECE37D7} = {9D33EFEC-A82A-4C7B-A4BB-15F76E2A42A7}
		{01DE3B4D-A503-4C5F-AC28-1E808D1ED5F3} = {F6795362-8A85-49DF-901E-B6AFE47105BE}
		{CFA7E754-A464-4474-9F86-47A693F7E35D} = {F6795362-8A85-49DF-901E-B6AFE47105BE}
		{9B3352BA-6EC4-4304-812D-DCC17DC14147} = {F6795362-8A85-49DF-901E-B6AFE47105BE}
		{6AF558FB-6B31-4BEB-9EF3-EE2EBA391B15} = {44551875-5893-4FE3-B4B3-BD08DCB2E507}
	EndGlobalSection
	GlobalSection(ExtensibilityGlobals) = postSolution
		SolutionGuid = {97B97453-98FF-4251-B178-931BE36DB785}
	EndGlobalSection
EndGlobal
